
Microsoft Visual Studio Solution File, Format Version 12.00
# Visual Studio 15
VisualStudioVersion = 15.0.28307.705
MinimumVisualStudioVersion = 10.0.40219.1
Project("{FAE04EC0-301F-11D3-BF4B-00C04F79EFBC}") = "projectx1.Android", "projectx1\projectx1.Android\projectx1.Android.csproj", "{1EC98658-149F-4DCE-987D-3D30D07B1A91}"
EndProject
Project("{FAE04EC0-301F-11D3-BF4B-00C04F79EFBC}") = "projectx1", "projectx1\projectx1\projectx1.csproj", "{52C8F371-14CE-44DF-81C6-40D6880AD484}"
EndProject
Global
	GlobalSection(SolutionConfigurationPlatforms) = preSolution
		Debug|Any CPU = Debug|Any CPU
		Release|Any CPU = Release|Any CPU
	EndGlobalSection
	GlobalSection(ProjectConfigurationPlatforms) = postSolution
		{1EC98658-149F-4DCE-987D-3D30D07B1A91}.Debug|Any CPU.ActiveCfg = Debug|Any CPU
		{1EC98658-149F-4DCE-987D-3D30D07B1A91}.Debug|Any CPU.Build.0 = Debug|Any CPU
		{1EC98658-149F-4DCE-987D-3D30D07B1A91}.Debug|Any CPU.Deploy.0 = Debug|Any CPU
		{1EC98658-149F-4DCE-987D-3D30D07B1A91}.Release|Any CPU.ActiveCfg = Release|Any CPU
		{1EC98658-149F-4DCE-987D-3D30D07B1A91}.Release|Any CPU.Build.0 = Release|Any CPU
		{1EC98658-149F-4DCE-987D-3D30D07B1A91}.Release|Any CPU.Deploy.0 = Release|Any CPU
		{52C8F371-14CE-44DF-81C6-40D6880AD484}.Debug|Any CPU.ActiveCfg = Debug|Any CPU
		{52C8F371-14CE-44DF-81C6-40D6880AD484}.Debug|Any CPU.Build.0 = Debug|Any CPU
		{52C8F371-14CE-44DF-81C6-40D6880AD484}.Debug|Any CPU.Deploy.0 = Debug|Any CPU
		{52C8F371-14CE-44DF-81C6-40D6880AD484}.Release|Any CPU.ActiveCfg = Release|Any CPU
		{52C8F371-14CE-44DF-81C6-40D6880AD484}.Release|Any CPU.Build.0 = Release|Any CPU
		{52C8F371-14CE-44DF-81C6-40D6880AD484}.Release|Any CPU.Deploy.0 = Release|Any CPU
	EndGlobalSection
	GlobalSection(SolutionProperties) = preSolution
		HideSolutionNode = FALSE
	EndGlobalSection
	GlobalSection(ExtensibilityGlobals) = postSolution
		SolutionGuid = {6234AA80-E981-4613-AEAC-C3704F7D8D57}
	EndGlobalSection
EndGlobal
